<Solution>
  <Project Path="Sim.AssetExport/Sim.AssetExport.csproj" />
  <Project Path="Sim.Core/Sim.Core.csproj" />
  <Project Path="Sim.Data/Sim.Data.csproj" />
  <Project Path="Sim.Host/Sim.Host.csproj" />
  <Project Path="Sim.Net/Sim.Net.csproj" />
  <Project Path="Sim.Tests/Sim.Tests.csproj" />
  <Project Path="Sim.Web/Sim.Web.csproj" />
  <Project Path="Sim.World/Sim.World.csproj" />
</Solution>
